github.com/HugoBlox/hugo-blox-builder/modules/blox-plugin-netlify v1.1.2-0.20231209203044-d31adfedd40b h1:rAluI3a9m5ZoJY5xTF7YcgA4YTJLsvPTEh6sVQhPb+o=
github.com/HugoBlox/hugo-blox-builder/modules/blox-plugin-netlify v1.1.2-0.20231209203044-d31adfedd40b/go.mod h1:C7jfxMLv1bEUqbM9XDSmEpfOpS8w06OgqNDEcbuRgL4=
github.com/HugoBlox/hugo-blox-builder/modules/blox-plugin-netlify v1.1.2-0.20241027205850-adc14f11d2fc h1:sVUO+ACC0Q/FUvJK5QjUjGuvobyvQ1+IGwE4zaJGKII=
github.com/HugoBlox/hugo-blox-builder/modules/blox-plugin-netlify v1.1.2-0.20241027205850-adc14f11d2fc/go.mod h1:C7jfxMLv1bEUqbM9XDSmEpfOpS8w06OgqNDEcbuRgL4=
github.com/HugoBlox/hugo-blox-builder/modules/blox-tailwind v0.2.1-0.20241012174104-661cadc17327 h1:5P+3GBud67lEhxVevV2UbAZccMBMZnmsmSpP1amosXM=
github.com/HugoBlox/hugo-blox-builder/modules/blox-tailwind v0.2.1-0.20241012174104-661cadc17327/go.mod h1:bUQKSt1XQhk60nSpI6D+MibQi6v8s7HghF5qoAtlhws=
github.com/HugoBlox/hugo-blox-builder/modules/blox-tailwind v0.3.0 h1:W6YgfER+csbFcRC3o3dvCXLhs2aYoMncpsL8CEkHpY8=
github.com/HugoBlox/hugo-blox-builder/modules/blox-tailwind v0.3.0/go.mod h1:bUQKSt1XQhk60nSpI6D+MibQi6v8s7HghF5qoAtlhws=
